
Microsoft Visual Studio Solution File, Format Version 12.00
# Visual Studio Version 17
VisualStudioVersion = 17.4.33213.308
MinimumVisualStudioVersion = 10.0.40219.1
Project("{9A19103F-16F7-4668-BE54-9A1E7A4F7556}") = "Project 5 - Zork", "zork console app\Project 5 - Zork.csproj", "{B056A9D6-3E1E-4ED9-A457-7EF4E759DB54}"
EndProject
Global
	GlobalSection(SolutionConfigurationPlatforms) = preSolution
		Debug|Any CPU = Debug|Any CPU
		Release|Any CPU = Release|Any CPU
	EndGlobalSection
	GlobalSection(ProjectConfigurationPlatforms) = postSolution
		{B056A9D6-3E1E-4ED9-A457-7EF4E759DB54}.Debug|Any CPU.ActiveCfg = Debug|Any CPU
		{B056A9D6-3E1E-4ED9-A457-7EF4E759DB54}.Debug|Any CPU.Build.0 = Debug|Any CPU
		{B056A9D6-3E1E-4ED9-A457-7EF4E759DB54}.Release|Any CPU.ActiveCfg = Release|Any CPU
		{B056A9D6-3E1E-4ED9-A457-7EF4E759DB54}.Release|Any CPU.Build.0 = Release|Any CPU
	EndGlobalSection
	GlobalSection(SolutionProperties) = preSolution
		HideSolutionNode = FALSE
	EndGlobalSection
	GlobalSection(ExtensibilityGlobals) = postSolution
		SolutionGuid = {38E0BD87-AE5A-41F5-B6C7-0D99DD2870DD}
	EndGlobalSection
EndGlobal
